packages:
- package: fivetran/github
  version: 0.8.0
- package: dbt-labs/dbt_utils
  version: 1.1.1
- package: gitlabhq/snowflake_spend
  version: 1.3.0
- package: fivetran/github_source
  version: 0.8.0
- package: fivetran/fivetran_utils
  version: 0.4.10
- package: dbt-labs/spark_utils
  version: 0.3.0
sha1_hash: c30401a1f180cae647592842d8655498de51dbbb
